#include <iostream>

using namespace std;

int main() {
    setlocale (0, ".1251");
    // Введення довжини та ширини користувачем
    int length, width;
    cout << "Введiть довжину прямокутника (цiле число): ";
    cin >> length;
    cout << "Введiть ширину прямокутника (цiле число): ";
    cin >> width;

    // Обчислення площі та периметра
    int area = length * width;
    int perimeter = 2 * (length + width);

    // Перетворення площі та периметра в числа з плаваючою точкою (дробові числа)
    double area_float = static_cast<double>(area);
    double perimeter_float = static_cast<double>(perimeter);

    // Обчислення суми, різниці, добутку та частки площі та периметра
    double sum_result = area_float + perimeter_float;
    double difference_result = area_float - perimeter_float;
    double product_result = area_float * perimeter_float;
    double quotient_result = 0.0;
    if (perimeter_float != 0) {
        quotient_result = area_float / perimeter_float;
    }
    else {
        cout << "Дiлення на нуль неможливе" << endl;
    }

    // Виведення результатів
    cout << "Площа прямокутника: " << area_float << endl;
    cout << "Периметр прямокутника: " << perimeter_float << endl;
    cout << "Сума площi та периметра: " << sum_result << endl;
    cout << "Різниця площi та периметра: " << difference_result << endl;
    cout << "Добуток площi та периметра: " << product_result << endl;
    if (perimeter_float != 0) {
        cout << "Частка площi та периметра: " << quotient_result << endl;
    }

    // Виведення адрес змінних у памʼяті
    cout << "Адреса змiнної length: " << &length << endl;
    cout << "Адреса змiнної width: " << &width << endl;
    cout << "Адреса змiнної area: " << &area << endl;
    cout << "Адреса змiнної perimeter: " << &perimeter << endl;
    cout << "Адреса змiнної area_float: " << &area_float << endl;
    cout << "Адреса змiнної perimeter_float: " << &perimeter_float << endl;
    cout << "Адреса змiнної sum_result: " << &sum_result << endl;
    cout << "Адреса змiнної difference_result: " << &difference_result << endl;
    cout << "Адреса змiнної product_result: " << &product_result << endl;
    if (perimeter_float != 0) {
        cout << "Адреса змiнної quotient_result: " << &quotient_result << endl;
    }

    return 0;
}
